github.com/github/copilot-sdk/go v0.1.29 h1:OHlGipNxvAn0Y0RKj9z/biPwwn8lPUrntKMocp3QL24=
github.com/github/copilot-sdk/go v0.1.29/go.mod h1:qc2iEF7hdO8kzSvbyGvrcGhuk2fzdW4xTtT0+1EH2ts=
github.com/google/jsonschema-go v0.4.2 h1:tmrUohrwoLZZS/P3x7ex0WAVknEkBZM46iALbcqoRA8=
github.com/google/jsonschema-go v0.4.2/go.mod h1:r5quNTdLOYEz95Ru18zA0ydNbBuYoo9tgaYcxEYhJVE=
